{
  "generator_version": 1,
  "inputs": {
    ".claude/commands/pm/approve.md": "ad1de2e1c86ecf2365fc36e0ad6669b0bddeb6ee35e708ead621d610ac4dc808",
    ".claude/commands/pm/epic.md": "bc5d17666fffc645dde4e7eb66deb758cf366498e6271f2e7820011b11acf08d",
    ".claude/commands/pm/prd.md": "e24197ef9f3b891d7173303cba15226c063f1b0645a1a7701ea6c93f4a7d5386",
    ".claude/commands/pm/status.md": "99ca7e98d9f2f5d6547ccbc03153aeec92250c183539b094164657b42a2d68ff",
    ".claude/commands/tools/catchup.md": "846855ee6737edf4efde8040643754997b05b61ccde8e14b122f8255adaf63f8",
    ".claude/commands/tools/commit.md": "1a4f0dc9216c270a8be1f369f20806cc3db6428fa42f64a212eb88cf2eaf44da",
    ".claude/commands/tools/dashboard.md": "6f9ad345b9a27ebd328de7ac27652789008ac0895d861dfdcebab210d2ad6fdb",
    ".claude/commands/tools/dream-accept.md": "392807d1c509143825cacc48b4a04e8f1f6a3ec81d7f5a64844006a6a73196ac",
    ".claude/commands/tools/dream.md": "338de7cd7e61f8b2951b7f82735e6dd60229a010674ce24a7e7197f21f07e948",
    ".claude/commands/tools/handoff.md": "5cb02a9b50511080118c03ddd42cc61f988ba49ba907b927b9d5f702db9d7462",
    ".claude/commands/tools/init.md": "7496c9b139cf8caad1e19a1a6a8f1d4558cfcb462db46d7c91ad3676a7b55916",
    ".claude/commands/tools/maintain.md": "e8785258368cfb40946c02e74692ede765a9076c1c2b7417046137fbda1ba93c",
    ".claude/commands/tools/metrics.md": "bb7ba6b16b2bb28a6ac86b1b70dae240a333f48eed88cd4758b4d60736fd186e",
    ".claude/commands/tools/new-project.md": "0ebf0533904297a562eb1747cf34e9d830feffdc6571e840dbf8b9dada84dd9d",
    ".claude/commands/tools/reflect.md": "3897ee68d942af027aa02316073b35801cd5cca37c40eaa0d8c2abf54aa4ad58",
    ".claude/commands/tools/research.md": "54d1e9c10f7bda199d1c1f905fc8be4f7dfec1d79a2f50ba46fe6a7985cf5f64",
    ".claude/commands/tools/set-models.md": "64a6443e5280c1195c9374b70688c58076619b435e77c4f1eb47cb18f98c1375",
    ".claude/commands/tools/update.md": "2965cc272eb5b90466619f863c02cacd9ead09095bd482a8e3c518317daa2136",
    ".claude/commands/workflows/build.md": "3a21f0231df1cf073ec92f1c1d88a001598bd93d26d8ba4fc2474d6f1818d95a",
    ".claude/commands/workflows/compete-review.md": "1b385cd0790804e4bcc5475b5f878f036a9f3def4c5a28a1d0a44ca9f0f156c2",
    ".claude/commands/workflows/compete.md": "d733e0d24c4a35ce47cfc67ea2ce844049450c92dbc94624be2e5484c9c99d0c",
    ".claude/commands/workflows/design.md": "c8cb17d78bd3c9ec3cab71c0f0cc8bd6f9e59ba7f0efc07c064a22109fb2db81",
    ".claude/commands/workflows/idea.md": "083a15f5a65ea357f2938ec2d2c186d13bd324479c0b1e09608f90226ce11e28",
    ".claude/commands/workflows/mvp.md": "cafcdcd2228116683496cfcd69e855b741117dd77669ae7c5fdba02e7c993167",
    ".claude/commands/workflows/plan.md": "c75bb5215668539e5b4a7641ff334be2094090ac9639889f9fbc078145bd9547",
    ".claude/commands/workflows/rebuild.md": "cf0621fe0ab0621dabd8c128078b0e5c0c5bf21467b7c93bef35e781666506da",
    ".claude/commands/workflows/review.md": "08bbea2aa16d1893dc38cd72ce68e443e3a2ae0154534e657624b87f34897c7d",
    ".claude/commands/workflows/ship.md": "ac3f553ccfd7df5294e8930ddb06f61a00d29a669640eafd7551c1218d0e106b",
    ".claude/hooks/_common.sh": "5cf22cf7ea7f44a29fd4c30d18d3ed2dd0e8011199c296b4e001762db82a98f2",
    ".claude/hooks/compact-suggest.sh": "7d78853d5c13153bf4b67bc6cce1f5129855df3b97bc292a1cf02f264b12702a",
    ".claude/hooks/log-activity.sh": "c2efc5199e9eaea41b551cb3ccb5a58b7fed90ccb99939282d9bd0c56a83983b",
    ".claude/hooks/notify-phase-change.sh": "bb8c2af6dff3890a24ee8cb118501b015b7a6ef9d4f8c5d65bf98ec2ab097d00",
    ".claude/hooks/output-index.sh": "7f3d519d18b284d798faf8902f8ed3b360bbbcc17760195c7e5f6a61f9472bac",
    ".claude/hooks/post-mcp-validate.sh": "91fb4477f456c70636fcbbcb9c100cd67650f781ee365b8b0121f26c6767cb1a",
    ".claude/hooks/post-tool-use.sh": "5551116388d4e6dc1d17cbeda06a0404df3a4f0f526f774fe6f4002af3fd2402",
    ".claude/hooks/post-write-session.sh": "dbe3fa602bcda765349c5e243899e8d143e2bb9c34aaa14e31e344cebf515611",
    ".claude/hooks/pre-compact.sh": "2f1b5fc483f9143b09265f59771a84cf6a9a1a2550f49b96c78e92ca00112d9a",
    ".claude/hooks/session-end-cleanup.sh": "8d66968b4099591f10c1219439ceb774811f6156bc2ff54a987a17abdf3944c7",
    ".claude/hooks/session-start-maintain.sh": "d4f41add6a178d4342fd1114f78142e1cd43c895dd8e444eb62a69f266fe61d2",
    ".claude/hooks/session-start-setup.sh": "93d643bb465844257bf6f3c399f2537a16b740b838b1441a249c3cf442a02c8e",
    ".claude/hooks/tool-failure-log.sh": "2143ab9f5f445e048846c1e1f6137e601ac9dec1022c11466e7ea18e27a11a38",
    ".claude/manifest.json": "294643a6dcfef23350cc45c833f0b13dc3363f50ea84a0777820768ca027566f",
    ".claude/settings.json": "7901086b3ba3608554a1a6e52f106cb6f113bb81a97cb5b43b2ae397b55e516d",
    ".claude/skills/context-filter/SKILL.md": "949f55cdd440bc12dee415b62a41215055d19207ab8613ef55029692278f6f86",
    ".claude/skills/session-management/SKILL.md": "4ec5a5312a27bcca83142fec0e869ff1c3295d19aebd9457a5bbed1fc63dc626",
    ".claude/skills/spec-driven-dev/SKILL.md": "5589305cb36ccd7ee780379c89404314d6e99d210ef24bfb94288fb23f860553",
    ".claude/skills/tdd-workflow/SKILL.md": "cb0f2efc968834c5a86cc67b3e1b2b7dbfba2365fee0a8ed427ab49cc8517cfd",
    ".claude/skills/verify/SKILL.md": "141b30b7e82d2babe5ab9564627ac2dfe8aada0b04cef0c702597914f9b0184e",
    "scripts/audit-context.sh": "45bfc6f499b4d6f2560dca13abfeca721e4f215c002f0ea6e98942b1eb85fecd",
    "scripts/codex-review.sh": "1ad4332e4c5e214801435699d8669a22a0f8b899e3c90456174c45dd6df450bd",
    "scripts/compaction-metrics.ts": "89c09bf20162c00b51d151ba9bf1d69eef800bd97339cf33e78183b819618416",
    "scripts/create-pr.sh": "6c66eb21512f9092b0b0477dd811e93865087474b5ae062484e419e0274a97dd",
    "scripts/dashboard-server.ts": "3ec9896b8d54a80b8d95ac9a189f3363cf86c96c9c6d76e5b883ec707aed810e",
    "scripts/dashboard.sh": "cace1ee4d56f627541bcd914bfaa1a3545376c5b2ddeeed5253740c8304db442",
    "scripts/detect-stack.ts": "17c4d5b19790bc21cd6bfe4f990aec042464f253880cdc24540f2b20961a181b",
    "scripts/dream-accept.sh": "8036eb603fcba6f7041a4658f335d51b571977521e7ab1ddae9ed23dce8b00c6",
    "scripts/generate-manifest.sh": "6b3d75a676c89944c4b37f1eef90e579352ed8dd5fed70e77a53cb346ca34ddd",
    "scripts/install-global-commands.sh": "f74be9e26312cc7e1fa0e3e34ad4a7f26f2b9d5f400c04f5d30e009a4b97804f",
    "scripts/install-hooks.sh": "599a6b2f4f61a06af40f56886bc3eaa91c28189ee55ed375b045baa7d915348a",
    "scripts/knowledge-index.ts": "d7c68c389774278caec3554a77cde7601df6e70ef16aff3f6a550d032789dd6c",
    "scripts/lib/dashboard-render.ts": "5bff04ec5ca293699041d5d3a744ab9ff6c42ae51abced8fc0a078c238bbb0a6",
    "scripts/lib/json.sh": "db6cc9dc80a3d8f58c722934974dac808c1028eb88a32fd1537fdc198bd72bbb",
    "scripts/lib/policy.ts": "0eda97c7267814fd1cf85b831ff5c43d3242e923548185f9a6e37c525ddc3e97",
    "scripts/lib/project-root.ts": "5afd74f2af4d65ab8c491e1bf85ad9642c32035c9a53b20447ee4547c7a2e122",
    "scripts/lib/scan-rules.js": "5dd55830cc0076b6840107d55b8425b7d9e144a27bd8231d84cb1f589b571dca",
    "scripts/lib/skill-apply-lib.ts": "585064be29fe3cdd6f782640fe9c5cc68e35580c3d41297604ba5c94e1b3533a",
    "scripts/lib/system-map-lib.ts": "db4faebd8251fcbeaac8a6b7e8f6551915b2e2efa951a7412bea6ec6c16fe0a8",
    "scripts/maintain-draft.ts": "ceb0092afa2f720e9fc0b7910fe4dd68a04931b5dc8cd8d6ac95cee71f6dd379",
    "scripts/maintain.sh": "0b0feee68a391281a1083092dea44120ab543461ee0be1765fc1d69cb5745fee",
    "scripts/memory-search.sh": "d267f24d2eaeb23ba78abfcd160bdac6876ddb6016bec651d5dcd84e742dee90",
    "scripts/new-project.sh": "39ff5ef05548e6d714ef347d439142cc3aa110830b35da3d4f34a9e6a2faba2b",
    "scripts/observation-parser.ts": "f20a682cefae27dc301cf70569bc5f090be40733e252c42b43a89dad434bdeed",
    "scripts/review-triage.ts": "6c9cb35c56994750ff22070a6279b07a1bbc5abfb7416f6c23fb7a4fdf38c282",
    "scripts/scrub-secrets.sh": "9878c06084c956008b978023c7efc6571d989efe94715fe4ddd9641277f4896a",
    "scripts/security-scanner.ts": "db9a0a4e7c0e68ca6fea06b91a917e55e7777a1c2304d9dda51996b334a3c32d",
    "scripts/setup.sh": "a6793dbb757fccec318a3c57b7255f3144778850ad19612b9dc2ea0a68d0ba9f",
    "scripts/skill-apply.ts": "30296b76451d386abb0e4588339dfd632b65fb10eefff461b3271181ce8c4a02",
    "scripts/skill-ledger.ts": "23b4ce2890215ac0025422e9eea357ce73d467b1014b5bcfb2520aa5d52bdd22",
    "scripts/sync-hooks.sh": "019f37e2def4e22755112aaf327408f332ff04a5ca43cc9262c2ae6d2750404d",
    "scripts/system-map.ts": "863b56529b4fe85b46434b1f9b40700c447aa53151c0b09fe5356896ef553aa9",
    "scripts/update-project.sh": "3f7eb99e9c0699e3ffc2612684ba030f656cdf1ab56f7d4e85dced3aede0372f",
    "scripts/validate-freshness.sh": "8dc557bd4e85b52858044ea12d9263f78941ef0dac36cc514f822ed425212274",
    "scripts/validate-roadmap.sh": "4bec58920f220f0666fef73557b2b5bb735b373ad38b21a56e4a74c6dc72e08f",
    "tests/agent-roster.test.ts": "55ce107cc85150623e530def8a7592c3a052b2c9dc92b02186ec282acc490ee7",
    "tests/audit-context.test.ts": "728f43bcfed94c1e74ff4825e7bfdf2b640a62941fb772b7a853e61eb364ed29",
    "tests/compaction-hooks.sh": "32d3ba20c71ad8ba9e9ed5fc67e7be5c57a9dc96979bad6d0aa70aeed517cd38",
    "tests/compaction-metrics.test.ts": "423f8ca7eabe324160b20b2534363dc4186eea8e2fb90174541f5c1a1903968d",
    "tests/critical-rules.test.ts": "7761b205042f3b85fbdb572270c05f6d559ae506ceebb73050785cdf79f4fee8",
    "tests/dashboard-render.test.ts": "78e1adbc90c152718eb327e895b70423392d01b7b969ee0b493f4d892f9adfb2",
    "tests/dashboard-smoke.sh": "160409ecdd8e6abd1be584ad2cd4307773d90f666c28df36c85c5913c642bf4e",
    "tests/detect-stack.test.ts": "c5b82e198f3aa202db281fc2bbf9e7a41439b65f1980b8f28c138411f959b016",
    "tests/dream-accept-smoke.sh": "02a64fd73ff8335679437f10f7541c1ac7c47ccf3b2712285f3be7b086e9b0d3",
    "tests/entropy-threshold.test.ts": "cf3e5e90a0c0b55eca682a4fb44ee1213c6e560be9fe940090b5d776e9d7d009",
    "tests/hook-smoke-negctl.sh": "c085142a07180c9efba4dff60decf4e1f2f71a2903a69f1b5013b31d6de3473e",
    "tests/hook-smoke.sh": "b8566ca8eff981f853e5a1277b83c9766d0e429938d0cf01f4772a9190bd3995",
    "tests/knowledge-index.test.ts": "cf9c82f083da35decfe18ca00a4d0a73677cc38a7bc3b6f3f37b410f7adfc476",
    "tests/maintain-draft.test.ts": "74b0cb62f26903773bc6a44a8f1f2552cc9ba3d601512bb63d9129c8bd209731",
    "tests/maintain-smoke.sh": "034367b896211010bc376138b5f05226719f68aace5c1ed9adf97a9edecfd2d9",
    "tests/new-project-smoke.sh": "750476411eb2047319cd6d4ab4aab6322733edf6961a2d5b57cd6cd2cbddb576",
    "tests/observation-parser.test.ts": "231883f297af5d54c9410cc035a7e4b0bcaad239239b9f3e8b0b73928317447a",
    "tests/policy.test.ts": "ce0cc331e82a10a154915148ca42388afdb67420c80f311169890ab900b23eb1",
    "tests/review-triage.test.ts": "cae45ed5a923cb377826d90f16bcb45e1330e3722ee35ce55fd2745748e6ecd9",
    "tests/run-all.sh": "967cb500dd553ead99d7dafb2d6a2c470389df2246d6c2e8c3d5f50e601b5571",
    "tests/scan-rules-node22.test.ts": "3937868da107370a2412fcc8d1efe34af2476791aac3cdfb90ee19a2c1b3256d",
    "tests/scan-rules-restored.test.ts": "345d051c7c93e0d938395e0090a8cc7904d9fe66ccbb90f9d2583c6dd423bc0d",
    "tests/scanner-smoke.sh": "c5f49d4398bd56bd3736db5fb6b13435b4585e7d0f13f31cf4e5284113a7f3a8",
    "tests/security-scanner.test.ts": "3ff7f9844787db825314f7dd5856e135fc0c3f4dd9997722940875368e0ce53f",
    "tests/setup-node-guard.test.ts": "be95a10f40069ad8f1fcf8b1691ddc9cc14fb1845dfd064c1a588c17e0cda74b",
    "tests/shipped-settings.test.ts": "8d03a6d7138cf713923f8b78ff7d1923caecaed2a603d8067e235683bf45caa9",
    "tests/skill-apply-lib.test.ts": "e9fbf6e471283a7d0a6062c5a195f1dffb8742705247e37ae177a60fa40e75f6",
    "tests/skill-apply.test.ts": "1d06eecfe16441ce20c27925e08038b68e75f9beec3a0c7dbc1ca0c8dea435b7",
    "tests/skill-ledger.test.ts": "d5534858538ff812bec7d29609768466fc60cd365994c4a56035534f8aec9431",
    "tests/system-map-smoke.sh": "afba7e9e5195a9f000de8fc48fb01a9188810bce4d352b61c0d5281626db83e0",
    "tests/system-map.test.ts": "8d8506066509c9caa13ba377f519f563c6a6335ad8e15a1b8de768fe67b58f6b",
    "tests/template-residue.test.ts": "47d1f39cfa06db7f4cc9891696598679d7d41419d2b1e77bffe27eed7f4e43eb",
    "tests/template-seeds.test.ts": "3a8b510f1e81cb4258550dfe55d224896f71a8cf5d5139739ff981e57b34040a",
    "tests/test-hygiene.test.ts": "121058e57cf3448826ec4766f06c0271c911a95afbeec25f13ccde013033adaf"
  }
}
