{
  "generator_version": 1,
  "inputs": {
    ".claude/commands/pm/approve.md": "ad1de2e1c86ecf2365fc36e0ad6669b0bddeb6ee35e708ead621d610ac4dc808",
    ".claude/commands/pm/epic.md": "bc5d17666fffc645dde4e7eb66deb758cf366498e6271f2e7820011b11acf08d",
    ".claude/commands/pm/prd.md": "e24197ef9f3b891d7173303cba15226c063f1b0645a1a7701ea6c93f4a7d5386",
    ".claude/commands/pm/status.md": "99ca7e98d9f2f5d6547ccbc03153aeec92250c183539b094164657b42a2d68ff",
    ".claude/commands/tools/catchup.md": "846855ee6737edf4efde8040643754997b05b61ccde8e14b122f8255adaf63f8",
    ".claude/commands/tools/commit.md": "c13e26c59c7e62605244554691e19c856371c36eac75ca52e4b65e304879776c",
    ".claude/commands/tools/dashboard.md": "6f9ad345b9a27ebd328de7ac27652789008ac0895d861dfdcebab210d2ad6fdb",
    ".claude/commands/tools/dream-accept.md": "392807d1c509143825cacc48b4a04e8f1f6a3ec81d7f5a64844006a6a73196ac",
    ".claude/commands/tools/dream.md": "2bb8902ace74562463a8c8ec4cc4301e689c6c34e947b37c5f6bdb5ba8b9b1a6",
    ".claude/commands/tools/handoff.md": "5cb02a9b50511080118c03ddd42cc61f988ba49ba907b927b9d5f702db9d7462",
    ".claude/commands/tools/init.md": "7496c9b139cf8caad1e19a1a6a8f1d4558cfcb462db46d7c91ad3676a7b55916",
    ".claude/commands/tools/maintain.md": "e8785258368cfb40946c02e74692ede765a9076c1c2b7417046137fbda1ba93c",
    ".claude/commands/tools/metrics.md": "352c4d0e8b5cdd52bc5602497219aeef88561de1a2ce43a5ea495f3cf0801e78",
    ".claude/commands/tools/new-project.md": "0ebf0533904297a562eb1747cf34e9d830feffdc6571e840dbf8b9dada84dd9d",
    ".claude/commands/tools/reflect.md": "3897ee68d942af027aa02316073b35801cd5cca37c40eaa0d8c2abf54aa4ad58",
    ".claude/commands/tools/research.md": "7d97d5eb6484f89d1a36f29d813aa6e9d055bc80a0b71e0adf6a8a55d816f33a",
    ".claude/commands/tools/set-models.md": "95ee271452cc120fea25f928133892314ba7198d8a0956aaf7c80a5f50e4cfbc",
    ".claude/commands/tools/update.md": "2965cc272eb5b90466619f863c02cacd9ead09095bd482a8e3c518317daa2136",
    ".claude/commands/workflows/build.md": "9269b5a468809ed669e7d5cdba3b84ba30ad1f4d80398738493df020556de572",
    ".claude/commands/workflows/compete-review.md": "c0b0f79c33233b8f1f2760f25867cc497db13a64f5fdbcf595f34cdb62c4a6f0",
    ".claude/commands/workflows/compete.md": "d733e0d24c4a35ce47cfc67ea2ce844049450c92dbc94624be2e5484c9c99d0c",
    ".claude/commands/workflows/design.md": "c7dd1614b3ab3f3717338dfddc7e3175f20d28755b886050a94d67b2ed5e330b",
    ".claude/commands/workflows/idea.md": "083a15f5a65ea357f2938ec2d2c186d13bd324479c0b1e09608f90226ce11e28",
    ".claude/commands/workflows/mvp.md": "cafcdcd2228116683496cfcd69e855b741117dd77669ae7c5fdba02e7c993167",
    ".claude/commands/workflows/plan.md": "c75bb5215668539e5b4a7641ff334be2094090ac9639889f9fbc078145bd9547",
    ".claude/commands/workflows/rebuild.md": "9f13a9d57a8914084ae58963d502a8d1bd8eafa73be761d0177ee02751b67ba4",
    ".claude/commands/workflows/review.md": "5be9a343be8783e2d4d4b2fdd22c302370578380bc3b0e03278254ac72cea216",
    ".claude/commands/workflows/ship.md": "ac3f553ccfd7df5294e8930ddb06f61a00d29a669640eafd7551c1218d0e106b",
    ".claude/hooks/_common.sh": "880cfee8673df54ff8634e253f864831df272742cc0c9578c27d403198884a09",
    ".claude/hooks/compact-suggest.sh": "7d78853d5c13153bf4b67bc6cce1f5129855df3b97bc292a1cf02f264b12702a",
    ".claude/hooks/log-activity.sh": "a8464fff6d7c2b48fd4b8d743fc0fd63a59226cb3af255142591ffdd7d604641",
    ".claude/hooks/notify-phase-change.sh": "bb8c2af6dff3890a24ee8cb118501b015b7a6ef9d4f8c5d65bf98ec2ab097d00",
    ".claude/hooks/output-index.sh": "7f3d519d18b284d798faf8902f8ed3b360bbbcc17760195c7e5f6a61f9472bac",
    ".claude/hooks/post-mcp-validate.sh": "91fb4477f456c70636fcbbcb9c100cd67650f781ee365b8b0121f26c6767cb1a",
    ".claude/hooks/post-tool-use.sh": "0211c8f2ba5127e565b3defbcc10f19d84d0029b821decdb2340a973420b77bb",
    ".claude/hooks/post-write-session.sh": "a24e5a0084c42632fe758eba9dcbd040d9432d06cbfa5c9ac36884868a71b750",
    ".claude/hooks/pre-compact.sh": "2f1b5fc483f9143b09265f59771a84cf6a9a1a2550f49b96c78e92ca00112d9a",
    ".claude/hooks/session-end-cleanup.sh": "8d66968b4099591f10c1219439ceb774811f6156bc2ff54a987a17abdf3944c7",
    ".claude/hooks/session-start-maintain.sh": "d4f41add6a178d4342fd1114f78142e1cd43c895dd8e444eb62a69f266fe61d2",
    ".claude/hooks/session-start-setup.sh": "93d643bb465844257bf6f3c399f2537a16b740b838b1441a249c3cf442a02c8e",
    ".claude/hooks/tool-failure-log.sh": "2143ab9f5f445e048846c1e1f6137e601ac9dec1022c11466e7ea18e27a11a38",
    ".claude/manifest.json": "e832cd59031f4527635e2ef2628822e2d2be2e888d6100fc93ecbf0f60b04af4",
    ".claude/settings.json": "cc478fc7e90bbdfe44e28ef8c514f66f1a46e519876bb3a6b2b235d171e3f90e",
    ".claude/skills/context-filter/SKILL.md": "949f55cdd440bc12dee415b62a41215055d19207ab8613ef55029692278f6f86",
    ".claude/skills/session-management/SKILL.md": "4ec5a5312a27bcca83142fec0e869ff1c3295d19aebd9457a5bbed1fc63dc626",
    ".claude/skills/spec-driven-dev/SKILL.md": "5589305cb36ccd7ee780379c89404314d6e99d210ef24bfb94288fb23f860553",
    ".claude/skills/tdd-workflow/SKILL.md": "bb0014ac926b7e20db53351616f51172e3a7033bce9782e85ffee246227230de",
    "scripts/audit-context.sh": "df9d3523fc81619cef2f343046b576c04310abd51f3b6eaf98eec5ff90024a9b",
    "scripts/codex-review.sh": "1ad4332e4c5e214801435699d8669a22a0f8b899e3c90456174c45dd6df450bd",
    "scripts/compaction-metrics.ts": "864ca426190e3d09d92abbe814f9f7832084e8739a29689e6b0cd18a1d6116c0",
    "scripts/create-pr.sh": "6c66eb21512f9092b0b0477dd811e93865087474b5ae062484e419e0274a97dd",
    "scripts/dashboard-server.ts": "3ec9896b8d54a80b8d95ac9a189f3363cf86c96c9c6d76e5b883ec707aed810e",
    "scripts/dashboard.sh": "cace1ee4d56f627541bcd914bfaa1a3545376c5b2ddeeed5253740c8304db442",
    "scripts/detect-stack.ts": "17c4d5b19790bc21cd6bfe4f990aec042464f253880cdc24540f2b20961a181b",
    "scripts/dream-accept.sh": "8036eb603fcba6f7041a4658f335d51b571977521e7ab1ddae9ed23dce8b00c6",
    "scripts/generate-manifest.sh": "6b3d75a676c89944c4b37f1eef90e579352ed8dd5fed70e77a53cb346ca34ddd",
    "scripts/install-global-commands.sh": "f74be9e26312cc7e1fa0e3e34ad4a7f26f2b9d5f400c04f5d30e009a4b97804f",
    "scripts/install-hooks.sh": "599a6b2f4f61a06af40f56886bc3eaa91c28189ee55ed375b045baa7d915348a",
    "scripts/knowledge-index.ts": "d7c68c389774278caec3554a77cde7601df6e70ef16aff3f6a550d032789dd6c",
    "scripts/lib/dashboard-render.ts": "5bff04ec5ca293699041d5d3a744ab9ff6c42ae51abced8fc0a078c238bbb0a6",
    "scripts/lib/decide.ts": "52bb46fbf42669562c17cd74aff711a37e398c9a01ac61174878a16d10f89ae6",
    "scripts/lib/egress-guard.ts": "c3090ad4d2102e5a11a1f78b83703ad53a950bfd5e1bfd0938d41b956a212538",
    "scripts/lib/json.sh": "db6cc9dc80a3d8f58c722934974dac808c1028eb88a32fd1537fdc198bd72bbb",
    "scripts/lib/policy.ts": "0eda97c7267814fd1cf85b831ff5c43d3242e923548185f9a6e37c525ddc3e97",
    "scripts/lib/project-root.ts": "5afd74f2af4d65ab8c491e1bf85ad9642c32035c9a53b20447ee4547c7a2e122",
    "scripts/lib/scan-rules.js": "5dd55830cc0076b6840107d55b8425b7d9e144a27bd8231d84cb1f589b571dca",
    "scripts/lib/skill-apply-lib.ts": "585064be29fe3cdd6f782640fe9c5cc68e35580c3d41297604ba5c94e1b3533a",
    "scripts/lib/system-map-lib.ts": "f4897d272de62dae261d75c16d3db23a67fd11fe115783b5f4aaedcfbe427421",
    "scripts/maintain-draft.ts": "ceb0092afa2f720e9fc0b7910fe4dd68a04931b5dc8cd8d6ac95cee71f6dd379",
    "scripts/maintain.sh": "0b0feee68a391281a1083092dea44120ab543461ee0be1765fc1d69cb5745fee",
    "scripts/memory-search.sh": "d267f24d2eaeb23ba78abfcd160bdac6876ddb6016bec651d5dcd84e742dee90",
    "scripts/new-project.sh": "39ff5ef05548e6d714ef347d439142cc3aa110830b35da3d4f34a9e6a2faba2b",
    "scripts/observation-parser.ts": "5fda44a76e8c9cd863e6ceccac0e4e36809ff922d076bb52c9fd2fd76d864e98",
    "scripts/review-triage.ts": "ace43e169e7bf4eff01470a860368a37e825446448fc10a02caa9b8a1912b4c3",
    "scripts/scrub-secrets.sh": "9878c06084c956008b978023c7efc6571d989efe94715fe4ddd9641277f4896a",
    "scripts/security-scanner.ts": "f3d1f3c0d2fec921b4a4371bf4a4265a5c39502024c1290e6f807551f3999e97",
    "scripts/setup.sh": "a6793dbb757fccec318a3c57b7255f3144778850ad19612b9dc2ea0a68d0ba9f",
    "scripts/skill-apply.ts": "30296b76451d386abb0e4588339dfd632b65fb10eefff461b3271181ce8c4a02",
    "scripts/skill-ledger.ts": "23b4ce2890215ac0025422e9eea357ce73d467b1014b5bcfb2520aa5d52bdd22",
    "scripts/sync-hooks.sh": "019f37e2def4e22755112aaf327408f332ff04a5ca43cc9262c2ae6d2750404d",
    "scripts/system-map.ts": "fd2e059627960c1ad2509711ded2badbe0fa786d83ceec1fbf6a0bec5c6568d9",
    "scripts/update-project.sh": "3f7eb99e9c0699e3ffc2612684ba030f656cdf1ab56f7d4e85dced3aede0372f",
    "scripts/validate-freshness.sh": "8dc557bd4e85b52858044ea12d9263f78941ef0dac36cc514f822ed425212274",
    "scripts/validate-roadmap.sh": "4bec58920f220f0666fef73557b2b5bb735b373ad38b21a56e4a74c6dc72e08f",
    "tests/agent-roster.test.ts": "5ab74daefd058a4758d78bf2184f7d038252366480de3e627cca55bf3f67bfbc",
    "tests/compaction-hooks.sh": "32d3ba20c71ad8ba9e9ed5fc67e7be5c57a9dc96979bad6d0aa70aeed517cd38",
    "tests/compaction-metrics.test.ts": "e42b1894347b78467b1abd5ef1dfab0e15258c63d5e6af21eb8bc6ea6e951032",
    "tests/critical-rules.test.ts": "7761b205042f3b85fbdb572270c05f6d559ae506ceebb73050785cdf79f4fee8",
    "tests/dashboard-render.test.ts": "78e1adbc90c152718eb327e895b70423392d01b7b969ee0b493f4d892f9adfb2",
    "tests/dashboard-smoke.sh": "160409ecdd8e6abd1be584ad2cd4307773d90f666c28df36c85c5913c642bf4e",
    "tests/decide.test.ts": "81b84d0a5c60cf472380d6a436ce28d43521ed0cc843af19aafa40ece853704a",
    "tests/detect-stack.test.ts": "c5b82e198f3aa202db281fc2bbf9e7a41439b65f1980b8f28c138411f959b016",
    "tests/dream-accept-smoke.sh": "02a64fd73ff8335679437f10f7541c1ac7c47ccf3b2712285f3be7b086e9b0d3",
    "tests/egress-guard.test.ts": "ca3083d512a4e83741497224ac2ab2faf8ff4ca9298d7931a6b018a74b6e1c71",
    "tests/entropy-threshold.test.ts": "cf3e5e90a0c0b55eca682a4fb44ee1213c6e560be9fe940090b5d776e9d7d009",
    "tests/hook-smoke-negctl.sh": "6a6c387a1f093ae6ce313596be1322c699a49cbc83951d4c47235e8ee9ff7c4c",
    "tests/hook-smoke.sh": "04ee6458e9ed6ad63db9df2861ed3b5725f6cfc1b25d79b91541cd54da6b007b",
    "tests/knowledge-index.test.ts": "cf9c82f083da35decfe18ca00a4d0a73677cc38a7bc3b6f3f37b410f7adfc476",
    "tests/maintain-draft.test.ts": "74b0cb62f26903773bc6a44a8f1f2552cc9ba3d601512bb63d9129c8bd209731",
    "tests/maintain-smoke.sh": "034367b896211010bc376138b5f05226719f68aace5c1ed9adf97a9edecfd2d9",
    "tests/new-project-smoke.sh": "53307c33cc011e0f48c0c9efeb9fa3c4d6b8897f7a0b084eae13fe951c0f1eec",
    "tests/observation-parser.test.ts": "231883f297af5d54c9410cc035a7e4b0bcaad239239b9f3e8b0b73928317447a",
    "tests/policy.test.ts": "ce0cc331e82a10a154915148ca42388afdb67420c80f311169890ab900b23eb1",
    "tests/review-triage.test.ts": "09f53fa112003da4387d3ef90ad702c528dc22bc6d3ef5cd59567bcbdfc1879f",
    "tests/run-all.sh": "83f1db3df9736a2f8ae81390a1f1e84c79d33442f9bcbdacb01c21133a1709f0",
    "tests/scan-rules-node22.test.ts": "3937868da107370a2412fcc8d1efe34af2476791aac3cdfb90ee19a2c1b3256d",
    "tests/scan-rules-restored.test.ts": "345d051c7c93e0d938395e0090a8cc7904d9fe66ccbb90f9d2583c6dd423bc0d",
    "tests/scanner-smoke.sh": "c5f49d4398bd56bd3736db5fb6b13435b4585e7d0f13f31cf4e5284113a7f3a8",
    "tests/security-scanner.test.ts": "e72c44c627d510395beb6d920a3d4a3628504b7dbac39ea88a4d3cc9285e909d",
    "tests/setup-node-guard.test.ts": "be95a10f40069ad8f1fcf8b1691ddc9cc14fb1845dfd064c1a588c17e0cda74b",
    "tests/shipped-settings.test.ts": "8d03a6d7138cf713923f8b78ff7d1923caecaed2a603d8067e235683bf45caa9",
    "tests/skill-apply-lib.test.ts": "e9fbf6e471283a7d0a6062c5a195f1dffb8742705247e37ae177a60fa40e75f6",
    "tests/skill-apply.test.ts": "1d06eecfe16441ce20c27925e08038b68e75f9beec3a0c7dbc1ca0c8dea435b7",
    "tests/skill-ledger.test.ts": "d5534858538ff812bec7d29609768466fc60cd365994c4a56035534f8aec9431",
    "tests/system-map-smoke.sh": "c9d83f43eb1bd3ad806c47a18c1628dff41e1ca57599345816bf6b084f32e991",
    "tests/system-map.test.ts": "5ddb2242862e60a74c5b54924369a3acf64c7de7d65c9bb75abd1de5fd902dba",
    "tests/template-residue.test.ts": "47d1f39cfa06db7f4cc9891696598679d7d41419d2b1e77bffe27eed7f4e43eb",
    "tests/template-seeds.test.ts": "3a8b510f1e81cb4258550dfe55d224896f71a8cf5d5139739ff981e57b34040a",
    "tests/test-hygiene.test.ts": "121058e57cf3448826ec4766f06c0271c911a95afbeec25f13ccde013033adaf"
  }
}
