{
  "generator_version": 1,
  "inputs": {
    ".claude/commands/pm/approve.md": "0fc08d6e5d569cd01db6f4251b0fe8e8ef172152e20fcf0f8e68468fb58b533c",
    ".claude/commands/pm/epic.md": "bc5d17666fffc645dde4e7eb66deb758cf366498e6271f2e7820011b11acf08d",
    ".claude/commands/pm/prd.md": "e24197ef9f3b891d7173303cba15226c063f1b0645a1a7701ea6c93f4a7d5386",
    ".claude/commands/pm/status.md": "99ca7e98d9f2f5d6547ccbc03153aeec92250c183539b094164657b42a2d68ff",
    ".claude/commands/tools/catchup.md": "60af224d54a8cf69aa6745e605ec40264c5d96ab94842250bd80de26fcfa00d2",
    ".claude/commands/tools/commit.md": "c13e26c59c7e62605244554691e19c856371c36eac75ca52e4b65e304879776c",
    ".claude/commands/tools/dashboard.md": "6f9ad345b9a27ebd328de7ac27652789008ac0895d861dfdcebab210d2ad6fdb",
    ".claude/commands/tools/dream-accept.md": "9c4a9f65f4ade8bcccfb527c75805ba7d98ed06b8dacada6f31903419fae3fbe",
    ".claude/commands/tools/dream.md": "2e9e3bf93a42f9d2fcdb8c61e2b6a854f89d29d840935e27c2c7d924cde3bb16",
    ".claude/commands/tools/handoff.md": "783bf793ecaecac8b67ffdc68be7302ac79710ef5236c53caf27ca6b3e2e0699",
    ".claude/commands/tools/init.md": "e43102da1ed22104ee715d8486e713a6a5301699ab61da7689f42454b77130f7",
    ".claude/commands/tools/kv.md": "834b975d1ba9834ff3c8e6c9d995a10ad0a15760337c0e21a649c27cf010f9f4",
    ".claude/commands/tools/maintain.md": "ab3561d10897bd7a89fbd978b829c24176b3f6e024692d31e4151343fc74576a",
    ".claude/commands/tools/metrics.md": "8d13bef403e28643f4e94b99e6f7060928bc9e7654ed6f45f4f6bda6af1e42c4",
    ".claude/commands/tools/new-project.md": "af8b4928ec5ac6047817eb466f30fc8004f4f1482c93fb4cb3be6860b12a67f3",
    ".claude/commands/tools/research.md": "f127ff876a5884edaaf78928693d73b6e2e017e38f013bb8736adc556add87a9",
    ".claude/commands/tools/set-models.md": "08b892a89c14f66d1c02a7d97a50acc91f414a2a09aa6b8c95c56de2105e1568",
    ".claude/commands/tools/update.md": "2965cc272eb5b90466619f863c02cacd9ead09095bd482a8e3c518317daa2136",
    ".claude/commands/workflows/build.md": "6fec8b08dfe444068f4ae5bf67c5d2b67fdedd1868ddc5b960a90d221480e1f9",
    ".claude/commands/workflows/compete-review.md": "ead615243ac0439129a7fb68c011fe94a1ef32e4ccff326347a2be43ebc02d07",
    ".claude/commands/workflows/compete.md": "eadc3f1e1e54efc50d9ee2cf8ad08dcafd5c8e7f5dd940580d685c60118d7f17",
    ".claude/commands/workflows/design.md": "3dfcacb14af93bc966e35669eb719c6f3d37e6ff6097318f58e4d77e52db9754",
    ".claude/commands/workflows/idea.md": "f5000b3226ad60d1815c16c904ace5795c8efa545e1fe3f401dd31606b59d158",
    ".claude/commands/workflows/mvp.md": "ded50da797bd0284798ba243d595eb83c9b65991147493a8e3e7b2df38c70f5d",
    ".claude/commands/workflows/plan.md": "9c8b51d8148dea8854849d0e84d134022961f7f986510c32ffbc0cb8597121e3",
    ".claude/commands/workflows/rebuild.md": "5572b61ac84177830688f783e8202bd914c1e75a636a7f9b73af8bb8e6a2aa73",
    ".claude/commands/workflows/review.md": "9d6b8eb42c3bc61ef169ccf1af3edd4c90bfc3db7f9662f9a219905f32db1153",
    ".claude/commands/workflows/ship.md": "31048f3a93fdb2ca98337e2b6f494d4377416ec8add90891edf09dacb5fb6f80",
    ".claude/hooks/_common.sh": "ae8e46c9a17ba6c5bd26df2310643809b312d76800dd1e8d3a7af5119d6ccf36",
    ".claude/hooks/compact-suggest.sh": "2cb5cd011ce27904cdbfed085f6a266528fea8718873c3f8fefd7211185432c1",
    ".claude/hooks/log-activity.sh": "fe2df53296497364a57540bd329a5bef1c874515b4739d2ac6ebdfbe2827b47e",
    ".claude/hooks/notify-phase-change.sh": "e590c69ecf0350304307735265d5f523c150a359b833d37dd560e68a13b44e04",
    ".claude/hooks/output-index.sh": "e1b0054111bb17b8efc19cc6e03a081edc81fc10598531d8c4427487c63dea81",
    ".claude/hooks/post-mcp-validate.sh": "91fb4477f456c70636fcbbcb9c100cd67650f781ee365b8b0121f26c6767cb1a",
    ".claude/hooks/post-tool-use.sh": "bee24b3f1cb1456ba2a053948aec34b0814ecfbacba38710a15f28761a27a92e",
    ".claude/hooks/post-write-session.sh": "74ef272a6579d95e970a711bfcf027651a84d33e063b2d4394adc41217f5f549",
    ".claude/hooks/pre-compact.sh": "1b0103ad7448697c013b98488dff5a187db650fe300c8d965f355a01410f2360",
    ".claude/hooks/session-end-cleanup.sh": "5c7d6ccfe6ccb2ffc4884984076b7f06dd2324de71d9590116a6f4beaeaeca90",
    ".claude/hooks/session-start-maintain.sh": "d4f41add6a178d4342fd1114f78142e1cd43c895dd8e444eb62a69f266fe61d2",
    ".claude/hooks/session-start-setup.sh": "93d643bb465844257bf6f3c399f2537a16b740b838b1441a249c3cf442a02c8e",
    ".claude/hooks/tool-failure-log.sh": "27cb958fef8af45732e23e23cda72a7daeaf156022c7a17ba686a2e6be462fdc",
    ".claude/manifest.json": "1ed04f1a35debc2a3ff56bb29ca082dc2067af6dc415ecc27943b2de8a93be75",
    ".claude/settings.json": "409f00eeb692ec82a4a1d693dd395c52bb9b07a3130850a8f6830be370328192",
    ".claude/skills/context-filter/SKILL.md": "be429e91b03044e4a834fc28f29b51b69cf172a3bcb9160b2ed5be26818c291b",
    ".claude/skills/session-management/SKILL.md": "e60cccaa699d7e80351a5f529a58a5ebafc4853152c5de86bf850d84086a4dbb",
    ".claude/skills/spec-driven-dev/SKILL.md": "8b5fe12babe6346eac38ebed916f007aba7711b0644199885195e306aad13253",
    ".claude/skills/tdd-workflow/SKILL.md": "43cd2a28da0a4fda4a5fa7a53433b84152e001469aa0935a8657b6e7182bb05e",
    "scripts/audit-context.sh": "df9d3523fc81619cef2f343046b576c04310abd51f3b6eaf98eec5ff90024a9b",
    "scripts/codex-review.sh": "1ad4332e4c5e214801435699d8669a22a0f8b899e3c90456174c45dd6df450bd",
    "scripts/context-filter.sh": "c15ec330d59f81b8ef1b80c57aa5ae431427bc095c9d77f6c0470855301b46cb",
    "scripts/create-pr.sh": "6c66eb21512f9092b0b0477dd811e93865087474b5ae062484e419e0274a97dd",
    "scripts/dashboard-server.ts": "3ec9896b8d54a80b8d95ac9a189f3363cf86c96c9c6d76e5b883ec707aed810e",
    "scripts/dashboard.sh": "cace1ee4d56f627541bcd914bfaa1a3545376c5b2ddeeed5253740c8304db442",
    "scripts/detect-stack.ts": "17c4d5b19790bc21cd6bfe4f990aec042464f253880cdc24540f2b20961a181b",
    "scripts/dream-accept.sh": "b97403a9b16daab896c4f235895e4100eeeae8d91721146a5557df5ac6e780f6",
    "scripts/generate-manifest.sh": "89b7731595b7ce2188d5de79f558b326cbf4f34ac6409d3861d30ce1560736bd",
    "scripts/install-global-commands.sh": "f74be9e26312cc7e1fa0e3e34ad4a7f26f2b9d5f400c04f5d30e009a4b97804f",
    "scripts/install-hooks.sh": "599a6b2f4f61a06af40f56886bc3eaa91c28189ee55ed375b045baa7d915348a",
    "scripts/knowledge-index.ts": "d7c68c389774278caec3554a77cde7601df6e70ef16aff3f6a550d032789dd6c",
    "scripts/lib/dashboard-render.ts": "5bff04ec5ca293699041d5d3a744ab9ff6c42ae51abced8fc0a078c238bbb0a6",
    "scripts/lib/json.sh": "db6cc9dc80a3d8f58c722934974dac808c1028eb88a32fd1537fdc198bd72bbb",
    "scripts/lib/project-root.ts": "5afd74f2af4d65ab8c491e1bf85ad9642c32035c9a53b20447ee4547c7a2e122",
    "scripts/lib/scan-rules.js": "fa7fb6646c3d6decdd0ef2254541715c9285a68d7b0bc6afebdfddb208133629",
    "scripts/lib/system-map-lib.ts": "e1662667a751b9aa64ff0312fa9be728b0f79d9872c53705d9ac0f707ec6dc7a",
    "scripts/maintain-draft.ts": "ceb0092afa2f720e9fc0b7910fe4dd68a04931b5dc8cd8d6ac95cee71f6dd379",
    "scripts/maintain.sh": "0b0feee68a391281a1083092dea44120ab543461ee0be1765fc1d69cb5745fee",
    "scripts/memory-search.sh": "d267f24d2eaeb23ba78abfcd160bdac6876ddb6016bec651d5dcd84e742dee90",
    "scripts/new-project.sh": "77c00bad46650fee565e06263038ff5a64f0687118a29a3b52099ee45e8bd37a",
    "scripts/observation-parser.ts": "5fda44a76e8c9cd863e6ceccac0e4e36809ff922d076bb52c9fd2fd76d864e98",
    "scripts/scrub-secrets.sh": "9878c06084c956008b978023c7efc6571d989efe94715fe4ddd9641277f4896a",
    "scripts/security-scanner.ts": "3fa78d198f113772557b9c0395e26e83e86d7c8a003d9eade943bcfc58bdbb67",
    "scripts/setup.sh": "e5496f8bac7799c87f18ea0480ee3d9131e31ab15e1cf0f1d5205935bd82c502",
    "scripts/sync-hooks.sh": "019f37e2def4e22755112aaf327408f332ff04a5ca43cc9262c2ae6d2750404d",
    "scripts/system-map.ts": "b4a8a281a2eb3b4cf06171b5accdbddab7755417bed1788ef2ada1cb6972281c",
    "scripts/update-project.sh": "8d8f3c0e0f606bd33640f6219537491315c9b39092f8dcf9600090de1cccc815",
    "scripts/validate-freshness.sh": "8dc557bd4e85b52858044ea12d9263f78941ef0dac36cc514f822ed425212274",
    "scripts/validate-roadmap.sh": "4bec58920f220f0666fef73557b2b5bb735b373ad38b21a56e4a74c6dc72e08f",
    "tests/dashboard-render.test.ts": "78e1adbc90c152718eb327e895b70423392d01b7b969ee0b493f4d892f9adfb2",
    "tests/dashboard-smoke.sh": "160409ecdd8e6abd1be584ad2cd4307773d90f666c28df36c85c5913c642bf4e",
    "tests/detect-stack.test.ts": "c5b82e198f3aa202db281fc2bbf9e7a41439b65f1980b8f28c138411f959b016",
    "tests/dream-accept-smoke.sh": "360df09f90701192b7682cc96c5d4b99a79b20a325ef2ab3f83775903292c7a7",
    "tests/hook-smoke.sh": "bcbc580a1b5ca53bd21f6fbf35365be1c7c566cdc429016bc3f83b9efe37368d",
    "tests/knowledge-index.test.ts": "cf9c82f083da35decfe18ca00a4d0a73677cc38a7bc3b6f3f37b410f7adfc476",
    "tests/maintain-draft.test.ts": "c20e8a87d79c5a074aadc235a1ac311b5512579f6e2e199051793c3218589c27",
    "tests/maintain-smoke.sh": "034367b896211010bc376138b5f05226719f68aace5c1ed9adf97a9edecfd2d9",
    "tests/new-project-smoke.sh": "830072ae759b6d40ec508812be58a4d522ae2b8fa127edafc3e66e49188f7d5b",
    "tests/observation-parser.test.ts": "231883f297af5d54c9410cc035a7e4b0bcaad239239b9f3e8b0b73928317447a",
    "tests/scanner-smoke.sh": "c5f49d4398bd56bd3736db5fb6b13435b4585e7d0f13f31cf4e5284113a7f3a8",
    "tests/system-map-smoke.sh": "c9d83f43eb1bd3ad806c47a18c1628dff41e1ca57599345816bf6b084f32e991",
    "tests/system-map.test.ts": "a30c8f6feff6fcfb2377e26e0b8ae102fe153ef84177162862ffd5412facbc8c"
  }
}
